{
  "nodes": {
    "nixpkgs": {
      "locked": {
        "lastModified": 1745617727,
        "narHash": "sha256-GMVJT9rYef4Jh4VJukpeCY4dpH86p8ttlNIpimmLQcg=",
        "owner": "NixOS",
        "repo": "nixpkgs",
        "rev": "d5d26cac84da92641e008d402ce27a3958b4def7",
        "type": "github"
      },
      "original": {
        "owner": "NixOS",
        "repo": "nixpkgs",
        "type": "github"
      }
    },
    "root": {
      "inputs": {
        "nixpkgs": "nixpkgs",
        "rust-overlay": "rust-overlay"
      }
    },
    "rust-overlay": {
      "inputs": {
        "nixpkgs": [
          "nixpkgs"
        ]
      },
      "locked": {
        "lastModified": 1745548521,
        "narHash": "sha256-xyliq8oS5OnzXjHRGr92RtmrtYI/dflf2gSEo0wMFjc=",
        "owner": "oxalica",
        "repo": "rust-overlay",
        "rev": "eb0afb4ac0720d55c29e88eb29432103d73ae11d",
        "type": "github"
      },
      "original": {
        "owner": "oxalica",
        "repo": "rust-overlay",
        "type": "github"
      }
    }
  },
  "root": "root",
  "version": 7
}
